// !$*UTF8*$!
{
	archiveVersion = 1;
	classes = {
	};
	objectVersion = 46;
	objects = {

/* Begin PBXBuildFile section */
		849B35B51B711C7400B85DFF /* AppDelegate.swift in Sources */ = {isa = PBXBuildFile; fileRef = 849B35B41B711C7400B85DFF /* AppDelegate.swift */; };
		849B35B71B711C7400B85DFF /* ViewController.swift in Sources */ = {isa = PBXBuildFile; fileRef = 849B35B61B711C7400B85DFF /* ViewController.swift */; };
		849B35BA1B711C7400B85DFF /* Main.storyboard in Resources */ = {isa = PBXBuildFile; fileRef = 849B35B81B711C7400B85DFF /* Main.storyboard */; };
		849B35BC1B711C7400B85DFF /* Assets.xcassets in Resources */ = {isa = PBXBuildFile; fileRef = 849B35BB1B711C7400B85DFF /* Assets.xcassets */; };
		849B35BF1B711C7400B85DFF /* LaunchScreen.storyboard in Resources */ = {isa = PBXBuildFile; fileRef = 849B35BD1B711C7400B85DFF /* LaunchScreen.storyboard */; };
		849B35C71B711D9600B85DFF /* cat.png in Resources */ = {isa = PBXBuildFile; fileRef = 849B35C61B711D9600B85DFF /* cat.png */; };
/* End PBXBuildFile section */

/* Begin PBXFileReference section */
		849B35B11B711C7400B85DFF /* Cat Years.app */ = {isa = PBXFileReference; explicitFileType = wrapper.application; includeInIndex = 0; path = "Cat Years.app"; sourceTree = BUILT_PRODUCTS_DIR; };
		849B35B41B711C7400B85DFF /* AppDelegate.swift */ = {isa = PBXFileReference; lastKnownFileType = sourcecode.swift; path = AppDelegate.swift; sourceTree = "<group>"; };
		849B35B61B711C7400B85DFF /* ViewController.swift */ = {isa = PBXFileReference; lastKnownFileType = sourcecode.swift; path = ViewController.swift; sourceTree = "<group>"; };
		849B35B91B711C7400B85DFF /* Base */ = {isa = PBXFileReference; lastKnownFileType = file.storyboard; name = Base; path = Base.lproj/Main.storyboard; sourceTree = "<group>"; };
		849B35BB1B711C7400B85DFF /* Assets.xcassets */ = {isa = PBXFileReference; lastKnownFileType = folder.assetcatalog; path = Assets.xcassets; sourceTree = "<group>"; };
		849B35BE1B711C7400B85DFF /* Base */ = {isa = PBXFileReference; lastKnownFileType = file.storyboard; name = Base; path = Base.lproj/LaunchScreen.storyboard; sourceTree = "<group>"; };
		849B35C01B711C7400B85DFF /* Info.plist */ = {isa = PBXFileReference; lastKnownFileType = text.plist.xml; path = Info.plist; sourceTree = "<group>"; };
		849B35C61B711D9600B85DFF /* cat.png */ = {isa = PBXFileReference; lastKnownFileType = image.png; path = cat.png; sourceTree = "<group>"; };
/* End PBXFileReference section */

/* Begin PBXFrameworksBuildPhase section */
		849B35AE1B711C7400B85DFF /* Frameworks */ = {
			isa = PBXFrameworksBuildPhase;
			buildActionMask = 2147483647;
			files = (
			);
			runOnlyForDeploymentPostprocessing = 0;
		};
/* End PBXFrameworksBuildPhase section */

/* Begin PBXGroup section */
		849B35A81B711C7400B85DFF = {
			isa = PBXGroup;
			children = (
				849B35B31B711C7400B85DFF /* Cat Years */,
				849B35B21B711C7400B85DFF /* Products */,
			);
			sourceTree = "<group>";
		};
		849B35B21B711C7400B85DFF /* Products */ = {
			isa = PBXGroup;
			children = (
				849B35B11B711C7400B85DFF /* Cat Years.app */,
			);
			name = Products;
			sourceTree = "<group>";
		};
		849B35B31B711C7400B85DFF /* Cat Years */ = {
			isa = PBXGroup;
			children = (
				849B35B41B711C7400B85DFF /* AppDelegate.swift */,
				849B35B61B711C7400B85DFF /* ViewController.swift */,
				849B35B81B711C7400B85DFF /* Main.storyboard */,
				849B35BB1B711C7400B85DFF /* Assets.xcassets */,
				849B35BD1B711C7400B85DFF /* LaunchScreen.storyboard */,
				849B35C01B711C7400B85DFF /* Info.plist */,
				849B35C61B711D9600B85DFF /* cat.png */,
			);
			path = "Cat Years";
			sourceTree = "<group>";
		};
/* End PBXGroup section */

/* Begin PBXNativeTarget section */
		849B35B01B711C7400B85DFF /* Cat Years */ = {
			isa = PBXNativeTarget;
			buildConfigurationList = 849B35C31B711C7400B85DFF /* Build configuration list for PBXNativeTarget "Cat Years" */;
			buildPhases = (
				849B35AD1B711C7400B85DFF /* Sources */,
				849B35AE1B711C7400B85DFF /* Frameworks */,
				849B35AF1B711C7400B85DFF /* Resources */,
			);
			buildRules = (
			);
			dependencies = (
			);
			name = "Cat Years";
			productName = "Cat Years";
			productReference = 849B35B11B711C7400B85DFF /* Cat Years.app */;
			productType = "com.apple.product-type.application";
		};
/* End PBXNativeTarget section */

/* Begin PBXProject section */
		849B35A91B711C7400B85DFF /* Project object */ = {
			isa = PBXProject;
			attributes = {
				LastUpgradeCheck = 0700;
				ORGANIZATIONNAME = enrique7mc;
				TargetAttributes = {
					849B35B01B711C7400B85DFF = {
						CreatedOnToolsVersion = 7.0;
					};
				};
			};
			buildConfigurationList = 849B35AC1B711C7400B85DFF /* Build configuration list for PBXProject "Cat Years" */;
			compatibilityVersion = "Xcode 3.2";
			developmentRegion = English;
			hasScannedForEncodings = 0;
			knownRegions = (
				en,
				Base,
			);
			mainGroup = 849B35A81B711C7400B85DFF;
			productRefGroup = 849B35B21B711C7400B85DFF /* Products */;
			projectDirPath = "";
			projectRoot = "";
			targets = (
				849B35B01B711C7400B85DFF /* Cat Years */,
			);
		};
/* End PBXProject section */

/* Begin PBXResourcesBuildPhase section */
		849B35AF1B711C7400B85DFF /* Resources */ = {
			isa = PBXResourcesBuildPhase;
			buildActionMask = 2147483647;
			files = (
				849B35BF1B711C7400B85DFF /* LaunchScreen.storyboard in Resources */,
				849B35BC1B711C7400B85DFF /* Assets.xcassets in Resources */,
				849B35C71B711D9600B85DFF /* cat.png in Resources */,
				849B35BA1B711C7400B85DFF /* Main.storyboard in Resources */,
			);
			runOnlyForDeploymentPostprocessing = 0;
		};
/* End PBXResourcesBuildPhase section */

/* Begin PBXSourcesBuildPhase section */
		849B35AD1B711C7400B85DFF /* Sources */ = {
			isa = PBXSourcesBuildPhase;
			buildActionMask = 2147483647;
			files = (
				849B35B71B711C7400B85DFF /* ViewController.swift in Sources */,
				849B35B51B711C7400B85DFF /* AppDelegate.swift in Sources */,
			);
			runOnlyForDeploymentPostprocessing = 0;
		};
/* End PBXSourcesBuildPhase section */

/* Begin PBXVariantGroup section */
		849B35B81B711C7400B85DFF /* Main.storyboard */ = {
			isa = PBXVariantGroup;
			children = (
				849B35B91B711C7400B85DFF /* Base */,
			);
			name = Main.storyboard;
			sourceTree = "<group>";
		};
		849B35BD1B711C7400B85DFF /* LaunchScreen.storyboard */ = {
			isa = PBXVariantGroup;
			children = (
				849B35BE1B711C7400B85DFF /* Base */,
			);
			name = LaunchScreen.storyboard;
			sourceTree = "<group>";
		};
/* End PBXVariantGroup section */

/* Begin XCBuildConfiguration section */
		849B35C11B711C7400B85DFF /* Debug */ = {
			isa = XCBuildConfiguration;
			buildSettings = {
				ALWAYS_SEARCH_USER_PATHS = NO;
				CLANG_CXX_LANGUAGE_STANDARD = "gnu++0x";
				CLANG_CXX_LIBRARY = "libc++";
				CLANG_ENABLE_MODULES = YES;
				CLANG_ENABLE_OBJC_ARC = YES;
				CLANG_WARN_BOOL_CONVERSION = YES;
				CLANG_WARN_CONSTANT_CONVERSION = YES;
				CLANG_WARN_DIRECT_OBJC_ISA_USAGE = YES_ERROR;
				CLANG_WARN_EMPTY_BODY = YES;
				CLANG_WARN_ENUM_CONVERSION = YES;
				CLANG_WARN_INT_CONVERSION = YES;
				CLANG_WARN_OBJC_ROOT_CLASS = YES_ERROR;
				CLANG_WARN_UNREACHABLE_CODE = YES;
				CLANG_WARN__DUPLICATE_METHOD_MATCH = YES;
				"CODE_SIGN_IDENTITY[sdk=iphoneos*]" = "iPhone Developer";
				COPY_PHASE_STRIP = NO;
				DEBUG_INFORMATION_FORMAT = dwarf;
				ENABLE_STRICT_OBJC_MSGSEND = YES;
				ENABLE_TESTABILITY = YES;
				GCC_C_LANGUAGE_STANDARD = gnu99;
				GCC_DYNAMIC_NO_PIC = NO;
				GCC_NO_COMMON_BLOCKS = YES;
				GCC_OPTIMIZATION_LEVEL = 0;
				GCC_PREPROCESSOR_DEFINITIONS = (
					"DEBUG=1",
					"$(inherited)",
				);
				GCC_WARN_64_TO_32_BIT_CONVERSION = YES;
				GCC_WARN_ABOUT_RETURN_TYPE = YES_ERROR;
				GCC_WARN_UNDECLARED_SELECTOR = YES;
				GCC_WARN_UNINITIALIZED_AUTOS = YES_AGGRESSIVE;
				GCC_WARN_UNUSED_FUNCTION = YES;
				GCC_WARN_UNUSED_VARIABLE = YES;
				IPHONEOS_DEPLOYMENT_TARGET = 9.0;
				MTL_ENABLE_DEBUG_INFO = YES;
				ONLY_ACTIVE_ARCH = YES;
				SDKROOT = iphoneos;
				SWIFT_OPTIMIZATION_LEVEL = "-Onone";
			};
			name = Debug;
		};
		849B35C21B711C7400B85DFF /* Release */ = {
			isa = XCBuildConfiguration;
			buildSettings = {
				ALWAYS_SEARCH_USER_PATHS = NO;
				CLANG_CXX_LANGUAGE_STANDARD = "gnu++0x";
				CLANG_CXX_LIBRARY = "libc++";
				CLANG_ENABLE_MODULES = YES;
				CLANG_ENABLE_OBJC_ARC = YES;
				CLANG_WARN_BOOL_CONVERSION = YES;
				CLANG_WARN_CONSTANT_CONVERSION = YES;
				CLANG_WARN_DIRECT_OBJC_ISA_USAGE = YES_ERROR;
				CLANG_WARN_EMPTY_BODY = YES;
				CLANG_WARN_ENUM_CONVERSION = YES;
				CLANG_WARN_INT_CONVERSION = YES;
				CLANG_WARN_OBJC_ROOT_CLASS = YES_ERROR;
				CLANG_WARN_UNREACHABLE_CODE = YES;
				CLANG_WARN__DUPLICATE_METHOD_MATCH = YES;
				"CODE_SIGN_IDENTITY[sdk=iphoneos*]" = "iPhone Developer";
				COPY_PHASE_STRIP = NO;
				DEBUG_INFORMATION_FORMAT = "dwarf-with-dsym";
				ENABLE_NS_ASSERTIONS = NO;
				ENABLE_STRICT_OBJC_MSGSEND = YES;
				GCC_C_LANGUAGE_STANDARD = gnu99;
				GCC_NO_COMMON_BLOCKS = YES;
				GCC_WARN_64_TO_32_BIT_CONVERSION = YES;
				GCC_WARN_ABOUT_RETURN_TYPE = YES_ERROR;
				GCC_WARN_UNDECLARED_SELECTOR = YES;
				GCC_WARN_UNINITIALIZED_AUTOS = YES_AGGRESSIVE;
				GCC_WARN_UNUSED_FUNCTION = YES;
				GCC_WARN_UNUSED_VARIABLE = YES;
				IPHONEOS_DEPLOYMENT_TARGET = 9.0;
				MTL_ENABLE_DEBUG_INFO = NO;
				SDKROOT = iphoneos;
				VALIDATE_PRODUCT = YES;
			};
			name = Release;
		};
		849B35C41B711C7400B85DFF /* Debug */ = {
			isa = XCBuildConfiguration;
			buildSettings = {
				ASSETCATALOG_COMPILER_APPICON_NAME = AppIcon;
				INFOPLIST_FILE = "Cat Years/Info.plist";
				LD_RUNPATH_SEARCH_PATHS = "$(inherited) @executable_path/Frameworks";
				PRODUCT_BUNDLE_IDENTIFIER = "com.enrique7mc.Cat-Years";
				PRODUCT_NAME = "$(TARGET_NAME)";
			};
			name = Debug;
		};
		849B35C51B711C7400B85DFF /* Release */ = {
			isa = XCBuildConfiguration;
			buildSettings = {
				ASSETCATALOG_COMPILER_APPICON_NAME = AppIcon;
				INFOPLIST_FILE = "Cat Years/Info.plist";
				LD_RUNPATH_SEARCH_PATHS = "$(inherited) @executable_path/Frameworks";
				PRODUCT_BUNDLE_IDENTIFIER = "com.enrique7mc.Cat-Years";
				PRODUCT_NAME = "$(TARGET_NAME)";
			};
			name = Release;
		};
/* End XCBuildConfiguration section */

/* Begin XCConfigurationList section */
		849B35AC1B711C7400B85DFF /* Build configuration list for PBXProject "Cat Years" */ = {
			isa = XCConfigurationList;
			buildConfigurations = (
				849B35C11B711C7400B85DFF /* Debug */,
				849B35C21B711C7400B85DFF /* Release */,
			);
			defaultConfigurationIsVisible = 0;
			defaultConfigurationName = Release;
		};
		849B35C31B711C7400B85DFF /* Build configuration list for PBXNativeTarget "Cat Years" */ = {
			isa = XCConfigurationList;
			buildConfigurations = (
				849B35C41B711C7400B85DFF /* Debug */,
				849B35C51B711C7400B85DFF /* Release */,
			);
			defaultConfigurationIsVisible = 0;
		};
/* End XCConfigurationList section */
	};
	rootObject = 849B35A91B711C7400B85DFF /* Project object */;
}
